
Microsoft Visual Studio Solution File, Format Version 12.00
# Visual Studio Version 17
VisualStudioVersion = 17.14.36623.8
MinimumVisualStudioVersion = 10.0.40219.1
Project("{FAE04EC0-301F-11D3-BF4B-00C04F79EFBC}") = "Windows-Programming-Final-Project", "Windows-Programming-Final-Project\Windows-Programming-Final-Project.csproj", "{DFCA4446-6071-4527-A173-7A41D8A80369}"
EndProject
Project("{2150E333-8FDC-42A3-9474-1A3956D46DE8}") = "UI", "UI", "{02EA681E-C7D8-13C7-8484-4AC65E1B71E8}"
	ProjectSection(SolutionItems) = preProject
		Windows-Programming-Final-Project\GuessNumberForm.cs = Windows-Programming-Final-Project\GuessNumberForm.cs
		Windows-Programming-Final-Project\GuessNumberForm.Designer.cs = Windows-Programming-Final-Project\GuessNumberForm.Designer.cs
		Windows-Programming-Final-Project\GuessNumberForm.resx = Windows-Programming-Final-Project\GuessNumberForm.resx
	EndProjectSection
EndProject
Global
	GlobalSection(SolutionConfigurationPlatforms) = preSolution
		Debug|Any CPU = Debug|Any CPU
		Release|Any CPU = Release|Any CPU
	EndGlobalSection
	GlobalSection(ProjectConfigurationPlatforms) = postSolution
		{DFCA4446-6071-4527-A173-7A41D8A80369}.Debug|Any CPU.ActiveCfg = Debug|Any CPU
		{DFCA4446-6071-4527-A173-7A41D8A80369}.Debug|Any CPU.Build.0 = Debug|Any CPU
		{DFCA4446-6071-4527-A173-7A41D8A80369}.Release|Any CPU.ActiveCfg = Release|Any CPU
		{DFCA4446-6071-4527-A173-7A41D8A80369}.Release|Any CPU.Build.0 = Release|Any CPU
	EndGlobalSection
	GlobalSection(SolutionProperties) = preSolution
		HideSolutionNode = FALSE
	EndGlobalSection
	GlobalSection(ExtensibilityGlobals) = postSolution
		SolutionGuid = {EFC1F70E-3FED-4924-A4DE-A06443E4A897}
	EndGlobalSection
EndGlobal
